// !$*UTF8*$!
{
	archiveVersion = 1;
	classes = {
	};
	objectVersion = 56;
	objects = {

/* Begin PBXBuildFile section */
		49BFA4462B284D4500BDD750 /* ListApp.swift in Sources */ = {isa = PBXBuildFile; fileRef = 49BFA4452B284D4500BDD750 /* ListApp.swift */; };
		49BFA4482B284D4500BDD750 /* ContentView.swift in Sources */ = {isa = PBXBuildFile; fileRef = 49BFA4472B284D4500BDD750 /* ContentView.swift */; };
		49BFA44A2B284D4600BDD750 /* Assets.xcassets in Resources */ = {isa = PBXBuildFile; fileRef = 49BFA4492B284D4600BDD750 /* Assets.xcassets */; };
		49BFA44D2B284D4600BDD750 /* Preview Assets.xcassets in Resources */ = {isa = PBXBuildFile; fileRef = 49BFA44C2B284D4600BDD750 /* Preview Assets.xcassets */; };
		49BFA4572B284D4700BDD750 /* ListTests.swift in Sources */ = {isa = PBXBuildFile; fileRef = 49BFA4562B284D4700BDD750 /* ListTests.swift */; };
		49BFA4612B284D4700BDD750 /* ListUITests.swift in Sources */ = {isa = PBXBuildFile; fileRef = 49BFA4602B284D4700BDD750 /* ListUITests.swift */; };
		49BFA4632B284D4700BDD750 /* ListUITestsLaunchTests.swift in Sources */ = {isa = PBXBuildFile; fileRef = 49BFA4622B284D4700BDD750 /* ListUITestsLaunchTests.swift */; };
/* End PBXBuildFile section */

/* Begin PBXContainerItemProxy section */
		49BFA4532B284D4700BDD750 /* PBXContainerItemProxy */ = {
			isa = PBXContainerItemProxy;
			containerPortal = 49BFA43A2B284D4500BDD750 /* Project object */;
			proxyType = 1;
			remoteGlobalIDString = 49BFA4412B284D4500BDD750;
			remoteInfo = List;
		};
		49BFA45D2B284D4700BDD750 /* PBXContainerItemProxy */ = {
			isa = PBXContainerItemProxy;
			containerPortal = 49BFA43A2B284D4500BDD750 /* Project object */;
			proxyType = 1;
			remoteGlobalIDString = 49BFA4412B284D4500BDD750;
			remoteInfo = List;
		};
/* End PBXContainerItemProxy section */

/* Begin PBXFileReference section */
		49BFA4422B284D4500BDD750 /* List.app */ = {isa = PBXFileReference; explicitFileType = wrapper.application; includeInIndex = 0; path = List.app; sourceTree = BUILT_PRODUCTS_DIR; };
		49BFA4452B284D4500BDD750 /* ListApp.swift */ = {isa = PBXFileReference; lastKnownFileType = sourcecode.swift; path = ListApp.swift; sourceTree = "<group>"; };
		49BFA4472B284D4500BDD750 /* ContentView.swift */ = {isa = PBXFileReference; lastKnownFileType = sourcecode.swift; path = ContentView.swift; sourceTree = "<group>"; };
		49BFA4492B284D4600BDD750 /* Assets.xcassets */ = {isa = PBXFileReference; lastKnownFileType = folder.assetcatalog; path = Assets.xcassets; sourceTree = "<group>"; };
		49BFA44C2B284D4600BDD750 /* Preview Assets.xcassets */ = {isa = PBXFileReference; lastKnownFileType = folder.assetcatalog; path = "Preview Assets.xcassets"; sourceTree = "<group>"; };
		49BFA4522B284D4700BDD750 /* ListTests.xctest */ = {isa = PBXFileReference; explicitFileType = wrapper.cfbundle; includeInIndex = 0; path = ListTests.xctest; sourceTree = BUILT_PRODUCTS_DIR; };
		49BFA4562B284D4700BDD750 /* ListTests.swift */ = {isa = PBXFileReference; lastKnownFileType = sourcecode.swift; path = ListTests.swift; sourceTree = "<group>"; };
		49BFA45C2B284D4700BDD750 /* ListUITests.xctest */ = {isa = PBXFileReference; explicitFileType = wrapper.cfbundle; includeInIndex = 0; path = ListUITests.xctest; sourceTree = BUILT_PRODUCTS_DIR; };
		49BFA4602B284D4700BDD750 /* ListUITests.swift */ = {isa = PBXFileReference; lastKnownFileType = sourcecode.swift; path = ListUITests.swift; sourceTree = "<group>"; };
		49BFA4622B284D4700BDD750 /* ListUITestsLaunchTests.swift */ = {isa = PBXFileReference; lastKnownFileType = sourcecode.swift; path = ListUITestsLaunchTests.swift; sourceTree = "<group>"; };
/* End PBXFileReference section */

/* Begin PBXFrameworksBuildPhase section */
		49BFA43F2B284D4500BDD750 /* Frameworks */ = {
			isa = PBXFrameworksBuildPhase;
			buildActionMask = 2147483647;
			files = (
			);
			runOnlyForDeploymentPostprocessing = 0;
		};
		49BFA44F2B284D4700BDD750 /* Frameworks */ = {
			isa = PBXFrameworksBuildPhase;
			buildActionMask = 2147483647;
			files = (
			);
			runOnlyForDeploymentPostprocessing = 0;
		};
		49BFA4592B284D4700BDD750 /* Frameworks */ = {
			isa = PBXFrameworksBuildPhase;
			buildActionMask = 2147483647;
			files = (
			);
			runOnlyForDeploymentPostprocessing = 0;
		};
/* End PBXFrameworksBuildPhase section */

/* Begin PBXGroup section */
		49BFA4392B284D4500BDD750 = {
			isa = PBXGroup;
			children = (
				49BFA4442B284D4500BDD750 /* List */,
				49BFA4552B284D4700BDD750 /* ListTests */,
				49BFA45F2B284D4700BDD750 /* ListUITests */,
				49BFA4432B284D4500BDD750 /* Products */,
			);
			sourceTree = "<group>";
		};
		49BFA4432B284D4500BDD750 /* Products */ = {
			isa = PBXGroup;
			children = (
				49BFA4422B284D4500BDD750 /* List.app */,
				49BFA4522B284D4700BDD750 /* ListTests.xctest */,
				49BFA45C2B284D4700BDD750 /* ListUITests.xctest */,
			);
			name = Products;
			sourceTree = "<group>";
		};
		49BFA4442B284D4500BDD750 /* List */ = {
			isa = PBXGroup;
			children = (
				49BFA4452B284D4500BDD750 /* ListApp.swift */,
				49BFA4472B284D4500BDD750 /* ContentView.swift */,
				49BFA4492B284D4600BDD750 /* Assets.xcassets */,
				49BFA44B2B284D4600BDD750 /* Preview Content */,
			);
			path = List;
			sourceTree = "<group>";
		};
		49BFA44B2B284D4600BDD750 /* Preview Content */ = {
			isa = PBXGroup;
			children = (
				49BFA44C2B284D4600BDD750 /* Preview Assets.xcassets */,
			);
			path = "Preview Content";
			sourceTree = "<group>";
		};
		49BFA4552B284D4700BDD750 /* ListTests */ = {
			isa = PBXGroup;
			children = (
				49BFA4562B284D4700BDD750 /* ListTests.swift */,
			);
			path = ListTests;
			sourceTree = "<group>";
		};
		49BFA45F2B284D4700BDD750 /* ListUITests */ = {
			isa = PBXGroup;
			children = (
				49BFA4602B284D4700BDD750 /* ListUITests.swift */,
				49BFA4622B284D4700BDD750 /* ListUITestsLaunchTests.swift */,
			);
			path = ListUITests;
			sourceTree = "<group>";
		};
/* End PBXGroup section */

/* Begin PBXNativeTarget section */
		49BFA4412B284D4500BDD750 /* List */ = {
			isa = PBXNativeTarget;
			buildConfigurationList = 49BFA4662B284D4700BDD750 /* Build configuration list for PBXNativeTarget "List" */;
			buildPhases = (
				49BFA43E2B284D4500BDD750 /* Sources */,
				49BFA43F2B284D4500BDD750 /* Frameworks */,
				49BFA4402B284D4500BDD750 /* Resources */,
			);
			buildRules = (
			);
			dependencies = (
			);
			name = List;
			productName = List;
			productReference = 49BFA4422B284D4500BDD750 /* List.app */;
			productType = "com.apple.product-type.application";
		};
		49BFA4512B284D4700BDD750 /* ListTests */ = {
			isa = PBXNativeTarget;
			buildConfigurationList = 49BFA4692B284D4700BDD750 /* Build configuration list for PBXNativeTarget "ListTests" */;
			buildPhases = (
				49BFA44E2B284D4700BDD750 /* Sources */,
				49BFA44F2B284D4700BDD750 /* Frameworks */,
				49BFA4502B284D4700BDD750 /* Resources */,
			);
			buildRules = (
			);
			dependencies = (
				49BFA4542B284D4700BDD750 /* PBXTargetDependency */,
			);
			name = ListTests;
			productName = ListTests;
			productReference = 49BFA4522B284D4700BDD750 /* ListTests.xctest */;
			productType = "com.apple.product-type.bundle.unit-test";
		};
		49BFA45B2B284D4700BDD750 /* ListUITests */ = {
			isa = PBXNativeTarget;
			buildConfigurationList = 49BFA46C2B284D4700BDD750 /* Build configuration list for PBXNativeTarget "ListUITests" */;
			buildPhases = (
				49BFA4582B284D4700BDD750 /* Sources */,
				49BFA4592B284D4700BDD750 /* Frameworks */,
				49BFA45A2B284D4700BDD750 /* Resources */,
			);
			buildRules = (
			);
			dependencies = (
				49BFA45E2B284D4700BDD750 /* PBXTargetDependency */,
			);
			name = ListUITests;
			productName = ListUITests;
			productReference = 49BFA45C2B284D4700BDD750 /* ListUITests.xctest */;
			productType = "com.apple.product-type.bundle.ui-testing";
		};
/* End PBXNativeTarget section */

/* Begin PBXProject section */
		49BFA43A2B284D4500BDD750 /* Project object */ = {
			isa = PBXProject;
			attributes = {
				BuildIndependentTargetsInParallel = 1;
				LastSwiftUpdateCheck = 1500;
				LastUpgradeCheck = 1500;
				TargetAttributes = {
					49BFA4412B284D4500BDD750 = {
						CreatedOnToolsVersion = 15.0.1;
					};
					49BFA4512B284D4700BDD750 = {
						CreatedOnToolsVersion = 15.0.1;
						TestTargetID = 49BFA4412B284D4500BDD750;
					};
					49BFA45B2B284D4700BDD750 = {
						CreatedOnToolsVersion = 15.0.1;
						TestTargetID = 49BFA4412B284D4500BDD750;
					};
				};
			};
			buildConfigurationList = 49BFA43D2B284D4500BDD750 /* Build configuration list for PBXProject "List" */;
			compatibilityVersion = "Xcode 14.0";
			developmentRegion = en;
			hasScannedForEncodings = 0;
			knownRegions = (
				en,
				Base,
			);
			mainGroup = 49BFA4392B284D4500BDD750;
			productRefGroup = 49BFA4432B284D4500BDD750 /* Products */;
			projectDirPath = "";
			projectRoot = "";
			targets = (
				49BFA4412B284D4500BDD750 /* List */,
				49BFA4512B284D4700BDD750 /* ListTests */,
				49BFA45B2B284D4700BDD750 /* ListUITests */,
			);
		};
/* End PBXProject section */

/* Begin PBXResourcesBuildPhase section */
		49BFA4402B284D4500BDD750 /* Resources */ = {
			isa = PBXResourcesBuildPhase;
			buildActionMask = 2147483647;
			files = (
				49BFA44D2B284D4600BDD750 /* Preview Assets.xcassets in Resources */,
				49BFA44A2B284D4600BDD750 /* Assets.xcassets in Resources */,
			);
			runOnlyForDeploymentPostprocessing = 0;
		};
		49BFA4502B284D4700BDD750 /* Resources */ = {
			isa = PBXResourcesBuildPhase;
			buildActionMask = 2147483647;
			files = (
			);
			runOnlyForDeploymentPostprocessing = 0;
		};
		49BFA45A2B284D4700BDD750 /* Resources */ = {
			isa = PBXResourcesBuildPhase;
			buildActionMask = 2147483647;
			files = (
			);
			runOnlyForDeploymentPostprocessing = 0;
		};
/* End PBXResourcesBuildPhase section */

/* Begin PBXSourcesBuildPhase section */
		49BFA43E2B284D4500BDD750 /* Sources */ = {
			isa = PBXSourcesBuildPhase;
			buildActionMask = 2147483647;
			files = (
				49BFA4482B284D4500BDD750 /* ContentView.swift in Sources */,
				49BFA4462B284D4500BDD750 /* ListApp.swift in Sources */,
			);
			runOnlyForDeploymentPostprocessing = 0;
		};
		49BFA44E2B284D4700BDD750 /* Sources */ = {
			isa = PBXSourcesBuildPhase;
			buildActionMask = 2147483647;
			files = (
				49BFA4572B284D4700BDD750 /* ListTests.swift in Sources */,
			);
			runOnlyForDeploymentPostprocessing = 0;
		};
		49BFA4582B284D4700BDD750 /* Sources */ = {
			isa = PBXSourcesBuildPhase;
			buildActionMask = 2147483647;
			files = (
				49BFA4632B284D4700BDD750 /* ListUITestsLaunchTests.swift in Sources */,
				49BFA4612B284D4700BDD750 /* ListUITests.swift in Sources */,
			);
			runOnlyForDeploymentPostprocessing = 0;
		};
/* End PBXSourcesBuildPhase section */

/* Begin PBXTargetDependency section */
		49BFA4542B284D4700BDD750 /* PBXTargetDependency */ = {
			isa = PBXTargetDependency;
			target = 49BFA4412B284D4500BDD750 /* List */;
			targetProxy = 49BFA4532B284D4700BDD750 /* PBXContainerItemProxy */;
		};
		49BFA45E2B284D4700BDD750 /* PBXTargetDependency */ = {
			isa = PBXTargetDependency;
			target = 49BFA4412B284D4500BDD750 /* List */;
			targetProxy = 49BFA45D2B284D4700BDD750 /* PBXContainerItemProxy */;
		};
/* End PBXTargetDependency section */

/* Begin XCBuildConfiguration section */
		49BFA4642B284D4700BDD750 /* Debug */ = {
			isa = XCBuildConfiguration;
			buildSettings = {
				ALWAYS_SEARCH_USER_PATHS = NO;
				ASSETCATALOG_COMPILER_GENERATE_SWIFT_ASSET_SYMBOL_EXTENSIONS = YES;
				CLANG_ANALYZER_NONNULL = YES;
				CLANG_ANALYZER_NUMBER_OBJECT_CONVERSION = YES_AGGRESSIVE;
				CLANG_CXX_LANGUAGE_STANDARD = "gnu++20";
				CLANG_ENABLE_MODULES = YES;
				CLANG_ENABLE_OBJC_ARC = YES;
				CLANG_ENABLE_OBJC_WEAK = YES;
				CLANG_WARN_BLOCK_CAPTURE_AUTORELEASING = YES;
				CLANG_WARN_BOOL_CONVERSION = YES;
				CLANG_WARN_COMMA = YES;
				CLANG_WARN_CONSTANT_CONVERSION = YES;
				CLANG_WARN_DEPRECATED_OBJC_IMPLEMENTATIONS = YES;
				CLANG_WARN_DIRECT_OBJC_ISA_USAGE = YES_ERROR;
				CLANG_WARN_DOCUMENTATION_COMMENTS = YES;
				CLANG_WARN_EMPTY_BODY = YES;
				CLANG_WARN_ENUM_CONVERSION = YES;
				CLANG_WARN_INFINITE_RECURSION = YES;
				CLANG_WARN_INT_CONVERSION = YES;
				CLANG_WARN_NON_LITERAL_NULL_CONVERSION = YES;
				CLANG_WARN_OBJC_IMPLICIT_RETAIN_SELF = YES;
				CLANG_WARN_OBJC_LITERAL_CONVERSION = YES;
				CLANG_WARN_OBJC_ROOT_CLASS = YES_ERROR;
				CLANG_WARN_QUOTED_INCLUDE_IN_FRAMEWORK_HEADER = YES;
				CLANG_WARN_RANGE_LOOP_ANALYSIS = YES;
				CLANG_WARN_STRICT_PROTOTYPES = YES;
				CLANG_WARN_SUSPICIOUS_MOVE = YES;
				CLANG_WARN_UNGUARDED_AVAILABILITY = YES_AGGRESSIVE;
				CLANG_WARN_UNREACHABLE_CODE = YES;
				CLANG_WARN__DUPLICATE_METHOD_MATCH = YES;
				COPY_PHASE_STRIP = NO;
				DEBUG_INFORMATION_FORMAT = dwarf;
				ENABLE_STRICT_OBJC_MSGSEND = YES;
				ENABLE_TESTABILITY = YES;
				ENABLE_USER_SCRIPT_SANDBOXING = YES;
				GCC_C_LANGUAGE_STANDARD = gnu17;
				GCC_DYNAMIC_NO_PIC = NO;
				GCC_NO_COMMON_BLOCKS = YES;
				GCC_OPTIMIZATION_LEVEL = 0;
				GCC_PREPROCESSOR_DEFINITIONS = (
					"DEBUG=1",
					"$(inherited)",
				);
				GCC_WARN_64_TO_32_BIT_CONVERSION = YES;
				GCC_WARN_ABOUT_RETURN_TYPE = YES_ERROR;
				GCC_WARN_UNDECLARED_SELECTOR = YES;
				GCC_WARN_UNINITIALIZED_AUTOS = YES_AGGRESSIVE;
				GCC_WARN_UNUSED_FUNCTION = YES;
				GCC_WARN_UNUSED_VARIABLE = YES;
				IPHONEOS_DEPLOYMENT_TARGET = 17.0;
				LOCALIZATION_PREFERS_STRING_CATALOGS = YES;
				MTL_ENABLE_DEBUG_INFO = INCLUDE_SOURCE;
				MTL_FAST_MATH = YES;
				ONLY_ACTIVE_ARCH = YES;
				SDKROOT = iphoneos;
				SWIFT_ACTIVE_COMPILATION_CONDITIONS = "DEBUG $(inherited)";
				SWIFT_OPTIMIZATION_LEVEL = "-Onone";
			};
			name = Debug;
		};
		49BFA4652B284D4700BDD750 /* Release */ = {
			isa = XCBuildConfiguration;
			buildSettings = {
				ALWAYS_SEARCH_USER_PATHS = NO;
				ASSETCATALOG_COMPILER_GENERATE_SWIFT_ASSET_SYMBOL_EXTENSIONS = YES;
				CLANG_ANALYZER_NONNULL = YES;
				CLANG_ANALYZER_NUMBER_OBJECT_CONVERSION = YES_AGGRESSIVE;
				CLANG_CXX_LANGUAGE_STANDARD = "gnu++20";
				CLANG_ENABLE_MODULES = YES;
				CLANG_ENABLE_OBJC_ARC = YES;
				CLANG_ENABLE_OBJC_WEAK = YES;
				CLANG_WARN_BLOCK_CAPTURE_AUTORELEASING = YES;
				CLANG_WARN_BOOL_CONVERSION = YES;
				CLANG_WARN_COMMA = YES;
				CLANG_WARN_CONSTANT_CONVERSION = YES;
				CLANG_WARN_DEPRECATED_OBJC_IMPLEMENTATIONS = YES;
				CLANG_WARN_DIRECT_OBJC_ISA_USAGE = YES_ERROR;
				CLANG_WARN_DOCUMENTATION_COMMENTS = YES;
				CLANG_WARN_EMPTY_BODY = YES;
				CLANG_WARN_ENUM_CONVERSION = YES;
				CLANG_WARN_INFINITE_RECURSION = YES;
				CLANG_WARN_INT_CONVERSION = YES;
				CLANG_WARN_NON_LITERAL_NULL_CONVERSION = YES;
				CLANG_WARN_OBJC_IMPLICIT_RETAIN_SELF = YES;
				CLANG_WARN_OBJC_LITERAL_CONVERSION = YES;
				CLANG_WARN_OBJC_ROOT_CLASS = YES_ERROR;
				CLANG_WARN_QUOTED_INCLUDE_IN_FRAMEWORK_HEADER = YES;
				CLANG_WARN_RANGE_LOOP_ANALYSIS = YES;
				CLANG_WARN_STRICT_PROTOTYPES = YES;
				CLANG_WARN_SUSPICIOUS_MOVE = YES;
				CLANG_WARN_UNGUARDED_AVAILABILITY = YES_AGGRESSIVE;
				CLANG_WARN_UNREACHABLE_CODE = YES;
				CLANG_WARN__DUPLICATE_METHOD_MATCH = YES;
				COPY_PHASE_STRIP = NO;
				DEBUG_INFORMATION_FORMAT = "dwarf-with-dsym";
				ENABLE_NS_ASSERTIONS = NO;
				ENABLE_STRICT_OBJC_MSGSEND = YES;
				ENABLE_USER_SCRIPT_SANDBOXING = YES;
				GCC_C_LANGUAGE_STANDARD = gnu17;
				GCC_NO_COMMON_BLOCKS = YES;
				GCC_WARN_64_TO_32_BIT_CONVERSION = YES;
				GCC_WARN_ABOUT_RETURN_TYPE = YES_ERROR;
				GCC_WARN_UNDECLARED_SELECTOR = YES;
				GCC_WARN_UNINITIALIZED_AUTOS = YES_AGGRESSIVE;
				GCC_WARN_UNUSED_FUNCTION = YES;
				GCC_WARN_UNUSED_VARIABLE = YES;
				IPHONEOS_DEPLOYMENT_TARGET = 17.0;
				LOCALIZATION_PREFERS_STRING_CATALOGS = YES;
				MTL_ENABLE_DEBUG_INFO = NO;
				MTL_FAST_MATH = YES;
				SDKROOT = iphoneos;
				SWIFT_COMPILATION_MODE = wholemodule;
				VALIDATE_PRODUCT = YES;
			};
			name = Release;
		};
		49BFA4672B284D4700BDD750 /* Debug */ = {
			isa = XCBuildConfiguration;
			buildSettings = {
				ASSETCATALOG_COMPILER_APPICON_NAME = AppIcon;
				ASSETCATALOG_COMPILER_GLOBAL_ACCENT_COLOR_NAME = AccentColor;
				CODE_SIGN_STYLE = Automatic;
				CURRENT_PROJECT_VERSION = 1;
				DEVELOPMENT_ASSET_PATHS = "\"List/Preview Content\"";
				DEVELOPMENT_TEAM = TYPD79YR6C;
				ENABLE_PREVIEWS = YES;
				GENERATE_INFOPLIST_FILE = YES;
				INFOPLIST_KEY_UIApplicationSceneManifest_Generation = YES;
				INFOPLIST_KEY_UIApplicationSupportsIndirectInputEvents = YES;
				INFOPLIST_KEY_UILaunchScreen_Generation = YES;
				INFOPLIST_KEY_UISupportedInterfaceOrientations_iPad = "UIInterfaceOrientationPortrait UIInterfaceOrientationPortraitUpsideDown UIInterfaceOrientationLandscapeLeft UIInterfaceOrientationLandscapeRight";
				INFOPLIST_KEY_UISupportedInterfaceOrientations_iPhone = "UIInterfaceOrientationPortrait UIInterfaceOrientationLandscapeLeft UIInterfaceOrientationLandscapeRight";
				LD_RUNPATH_SEARCH_PATHS = (
					"$(inherited)",
					"@executable_path/Frameworks",
				);
				MARKETING_VERSION = 1.0;
				PRODUCT_BUNDLE_IDENTIFIER = AdhaSquad.List;
				PRODUCT_NAME = "$(TARGET_NAME)";
				SWIFT_EMIT_LOC_STRINGS = YES;
				SWIFT_VERSION = 5.0;
				TARGETED_DEVICE_FAMILY = "1,2";
			};
			name = Debug;
		};
		49BFA4682B284D4700BDD750 /* Release */ = {
			isa = XCBuildConfiguration;
			buildSettings = {
				ASSETCATALOG_COMPILER_APPICON_NAME = AppIcon;
				ASSETCATALOG_COMPILER_GLOBAL_ACCENT_COLOR_NAME = AccentColor;
				CODE_SIGN_STYLE = Automatic;
				CURRENT_PROJECT_VERSION = 1;
				DEVELOPMENT_ASSET_PATHS = "\"List/Preview Content\"";
				DEVELOPMENT_TEAM = TYPD79YR6C;
				ENABLE_PREVIEWS = YES;
				GENERATE_INFOPLIST_FILE = YES;
				INFOPLIST_KEY_UIApplicationSceneManifest_Generation = YES;
				INFOPLIST_KEY_UIApplicationSupportsIndirectInputEvents = YES;
				INFOPLIST_KEY_UILaunchScreen_Generation = YES;
				INFOPLIST_KEY_UISupportedInterfaceOrientations_iPad = "UIInterfaceOrientationPortrait UIInterfaceOrientationPortraitUpsideDown UIInterfaceOrientationLandscapeLeft UIInterfaceOrientationLandscapeRight";
				INFOPLIST_KEY_UISupportedInterfaceOrientations_iPhone = "UIInterfaceOrientationPortrait UIInterfaceOrientationLandscapeLeft UIInterfaceOrientationLandscapeRight";
				LD_RUNPATH_SEARCH_PATHS = (
					"$(inherited)",
					"@executable_path/Frameworks",
				);
				MARKETING_VERSION = 1.0;
				PRODUCT_BUNDLE_IDENTIFIER = AdhaSquad.List;
				PRODUCT_NAME = "$(TARGET_NAME)";
				SWIFT_EMIT_LOC_STRINGS = YES;
				SWIFT_VERSION = 5.0;
				TARGETED_DEVICE_FAMILY = "1,2";
			};
			name = Release;
		};
		49BFA46A2B284D4700BDD750 /* Debug */ = {
			isa = XCBuildConfiguration;
			buildSettings = {
				ALWAYS_EMBED_SWIFT_STANDARD_LIBRARIES = YES;
				BUNDLE_LOADER = "$(TEST_HOST)";
				CODE_SIGN_STYLE = Automatic;
				CURRENT_PROJECT_VERSION = 1;
				DEVELOPMENT_TEAM = TYPD79YR6C;
				GENERATE_INFOPLIST_FILE = YES;
				IPHONEOS_DEPLOYMENT_TARGET = 17.0;
				MARKETING_VERSION = 1.0;
				PRODUCT_BUNDLE_IDENTIFIER = AdhaSquad.ListTests;
				PRODUCT_NAME = "$(TARGET_NAME)";
				SWIFT_EMIT_LOC_STRINGS = NO;
				SWIFT_VERSION = 5.0;
				TARGETED_DEVICE_FAMILY = "1,2";
				TEST_HOST = "$(BUILT_PRODUCTS_DIR)/List.app/$(BUNDLE_EXECUTABLE_FOLDER_PATH)/List";
			};
			name = Debug;
		};
		49BFA46B2B284D4700BDD750 /* Release */ = {
			isa = XCBuildConfiguration;
			buildSettings = {
				ALWAYS_EMBED_SWIFT_STANDARD_LIBRARIES = YES;
				BUNDLE_LOADER = "$(TEST_HOST)";
				CODE_SIGN_STYLE = Automatic;
				CURRENT_PROJECT_VERSION = 1;
				DEVELOPMENT_TEAM = TYPD79YR6C;
				GENERATE_INFOPLIST_FILE = YES;
				IPHONEOS_DEPLOYMENT_TARGET = 17.0;
				MARKETING_VERSION = 1.0;
				PRODUCT_BUNDLE_IDENTIFIER = AdhaSquad.ListTests;
				PRODUCT_NAME = "$(TARGET_NAME)";
				SWIFT_EMIT_LOC_STRINGS = NO;
				SWIFT_VERSION = 5.0;
				TARGETED_DEVICE_FAMILY = "1,2";
				TEST_HOST = "$(BUILT_PRODUCTS_DIR)/List.app/$(BUNDLE_EXECUTABLE_FOLDER_PATH)/List";
			};
			name = Release;
		};
		49BFA46D2B284D4700BDD750 /* Debug */ = {
			isa = XCBuildConfiguration;
			buildSettings = {
				ALWAYS_EMBED_SWIFT_STANDARD_LIBRARIES = YES;
				CODE_SIGN_STYLE = Automatic;
				CURRENT_PROJECT_VERSION = 1;
				DEVELOPMENT_TEAM = TYPD79YR6C;
				GENERATE_INFOPLIST_FILE = YES;
				MARKETING_VERSION = 1.0;
				PRODUCT_BUNDLE_IDENTIFIER = AdhaSquad.ListUITests;
				PRODUCT_NAME = "$(TARGET_NAME)";
				SWIFT_EMIT_LOC_STRINGS = NO;
				SWIFT_VERSION = 5.0;
				TARGETED_DEVICE_FAMILY = "1,2";
				TEST_TARGET_NAME = List;
			};
			name = Debug;
		};
		49BFA46E2B284D4700BDD750 /* Release */ = {
			isa = XCBuildConfiguration;
			buildSettings = {
				ALWAYS_EMBED_SWIFT_STANDARD_LIBRARIES = YES;
				CODE_SIGN_STYLE = Automatic;
				CURRENT_PROJECT_VERSION = 1;
				DEVELOPMENT_TEAM = TYPD79YR6C;
				GENERATE_INFOPLIST_FILE = YES;
				MARKETING_VERSION = 1.0;
				PRODUCT_BUNDLE_IDENTIFIER = AdhaSquad.ListUITests;
				PRODUCT_NAME = "$(TARGET_NAME)";
				SWIFT_EMIT_LOC_STRINGS = NO;
				SWIFT_VERSION = 5.0;
				TARGETED_DEVICE_FAMILY = "1,2";
				TEST_TARGET_NAME = List;
			};
			name = Release;
		};
/* End XCBuildConfiguration section */

/* Begin XCConfigurationList section */
		49BFA43D2B284D4500BDD750 /* Build configuration list for PBXProject "List" */ = {
			isa = XCConfigurationList;
			buildConfigurations = (
				49BFA4642B284D4700BDD750 /* Debug */,
				49BFA4652B284D4700BDD750 /* Release */,
			);
			defaultConfigurationIsVisible = 0;
			defaultConfigurationName = Release;
		};
		49BFA4662B284D4700BDD750 /* Build configuration list for PBXNativeTarget "List" */ = {
			isa = XCConfigurationList;
			buildConfigurations = (
				49BFA4672B284D4700BDD750 /* Debug */,
				49BFA4682B284D4700BDD750 /* Release */,
			);
			defaultConfigurationIsVisible = 0;
			defaultConfigurationName = Release;
		};
		49BFA4692B284D4700BDD750 /* Build configuration list for PBXNativeTarget "ListTests" */ = {
			isa = XCConfigurationList;
			buildConfigurations = (
				49BFA46A2B284D4700BDD750 /* Debug */,
				49BFA46B2B284D4700BDD750 /* Release */,
			);
			defaultConfigurationIsVisible = 0;
			defaultConfigurationName = Release;
		};
		49BFA46C2B284D4700BDD750 /* Build configuration list for PBXNativeTarget "ListUITests" */ = {
			isa = XCConfigurationList;
			buildConfigurations = (
				49BFA46D2B284D4700BDD750 /* Debug */,
				49BFA46E2B284D4700BDD750 /* Release */,
			);
			defaultConfigurationIsVisible = 0;
			defaultConfigurationName = Release;
		};
/* End XCConfigurationList section */
	};
	rootObject = 49BFA43A2B284D4500BDD750 /* Project object */;
}
